// !$*UTF8*$!
{
	archiveVersion = 1;
	classes = {
	};
	objectVersion = 77;
	objects = {

/* Begin PBXContainerItemProxy section */
		FA5E38192E5FA9B500C1BDDF /* PBXContainerItemProxy */ = {
			isa = PBXContainerItemProxy;
			containerPortal = FA5E38032E5FA9B000C1BDDF /* Project object */;
			proxyType = 1;
			remoteGlobalIDString = FA5E380A2E5FA9B000C1BDDF;
			remoteInfo = Falowen;
		};
		FA5E38232E5FA9B500C1BDDF /* PBXContainerItemProxy */ = {
			isa = PBXContainerItemProxy;
			containerPortal = FA5E38032E5FA9B000C1BDDF /* Project object */;
			proxyType = 1;
			remoteGlobalIDString = FA5E380A2E5FA9B000C1BDDF;
			remoteInfo = Falowen;
		};
/* End PBXContainerItemProxy section */

/* Begin PBXFileReference section */
		FA5E380B2E5FA9B000C1BDDF /* Falowen.app */ = {isa = PBXFileReference; explicitFileType = wrapper.application; includeInIndex = 0; path = Falowen.app; sourceTree = BUILT_PRODUCTS_DIR; };
		FA5E38182E5FA9B500C1BDDF /* FalowenTests.xctest */ = {isa = PBXFileReference; explicitFileType = wrapper.cfbundle; includeInIndex = 0; path = FalowenTests.xctest; sourceTree = BUILT_PRODUCTS_DIR; };
		FA5E38222E5FA9B500C1BDDF /* FalowenUITests.xctest */ = {isa = PBXFileReference; explicitFileType = wrapper.cfbundle; includeInIndex = 0; path = FalowenUITests.xctest; sourceTree = BUILT_PRODUCTS_DIR; };
/* End PBXFileReference section */

/* Begin PBXFileSystemSynchronizedRootGroup section */
		FA5E380D2E5FA9B000C1BDDF /* Falowen */ = {
			isa = PBXFileSystemSynchronizedRootGroup;
			path = Falowen;
			sourceTree = "<group>";
		};
		FA5E381B2E5FA9B500C1BDDF /* FalowenTests */ = {
			isa = PBXFileSystemSynchronizedRootGroup;
			path = FalowenTests;
			sourceTree = "<group>";
		};
		FA5E38252E5FA9B500C1BDDF /* FalowenUITests */ = {
			isa = PBXFileSystemSynchronizedRootGroup;
			path = FalowenUITests;
			sourceTree = "<group>";
		};
/* End PBXFileSystemSynchronizedRootGroup section */

/* Begin PBXFrameworksBuildPhase section */
		FA5E38082E5FA9B000C1BDDF /* Frameworks */ = {
			isa = PBXFrameworksBuildPhase;
			buildActionMask = 2147483647;
			files = (
			);
			runOnlyForDeploymentPostprocessing = 0;
		};
		FA5E38152E5FA9B500C1BDDF /* Frameworks */ = {
			isa = PBXFrameworksBuildPhase;
			buildActionMask = 2147483647;
			files = (
			);
			runOnlyForDeploymentPostprocessing = 0;
		};
		FA5E381F2E5FA9B500C1BDDF /* Frameworks */ = {
			isa = PBXFrameworksBuildPhase;
			buildActionMask = 2147483647;
			files = (
			);
			runOnlyForDeploymentPostprocessing = 0;
		};
/* End PBXFrameworksBuildPhase section */

/* Begin PBXGroup section */
		FA5E38022E5FA9B000C1BDDF = {
			isa = PBXGroup;
			children = (
				FA5E380D2E5FA9B000C1BDDF /* Falowen */,
				FA5E381B2E5FA9B500C1BDDF /* FalowenTests */,
				FA5E38252E5FA9B500C1BDDF /* FalowenUITests */,
				FA5E380C2E5FA9B000C1BDDF /* Products */,
			);
			sourceTree = "<group>";
		};
		FA5E380C2E5FA9B000C1BDDF /* Products */ = {
			isa = PBXGroup;
			children = (
				FA5E380B2E5FA9B000C1BDDF /* Falowen.app */,
				FA5E38182E5FA9B500C1BDDF /* FalowenTests.xctest */,
				FA5E38222E5FA9B500C1BDDF /* FalowenUITests.xctest */,
			);
			name = Products;
			sourceTree = "<group>";
		};
/* End PBXGroup section */

/* Begin PBXNativeTarget section */
		FA5E380A2E5FA9B000C1BDDF /* Falowen */ = {
			isa = PBXNativeTarget;
			buildConfigurationList = FA5E382C2E5FA9B500C1BDDF /* Build configuration list for PBXNativeTarget "Falowen" */;
			buildPhases = (
				FA5E38072E5FA9B000C1BDDF /* Sources */,
				FA5E38082E5FA9B000C1BDDF /* Frameworks */,
				FA5E38092E5FA9B000C1BDDF /* Resources */,
			);
			buildRules = (
			);
			dependencies = (
			);
			fileSystemSynchronizedGroups = (
				FA5E380D2E5FA9B000C1BDDF /* Falowen */,
			);
			name = Falowen;
			packageProductDependencies = (
			);
			productName = Falowen;
			productReference = FA5E380B2E5FA9B000C1BDDF /* Falowen.app */;
			productType = "com.apple.product-type.application";
		};
		FA5E38172E5FA9B500C1BDDF /* FalowenTests */ = {
			isa = PBXNativeTarget;
			buildConfigurationList = FA5E382F2E5FA9B500C1BDDF /* Build configuration list for PBXNativeTarget "FalowenTests" */;
			buildPhases = (
				FA5E38142E5FA9B500C1BDDF /* Sources */,
				FA5E38152E5FA9B500C1BDDF /* Frameworks */,
				FA5E38162E5FA9B500C1BDDF /* Resources */,
			);
			buildRules = (
			);
			dependencies = (
				FA5E381A2E5FA9B500C1BDDF /* PBXTargetDependency */,
			);
			fileSystemSynchronizedGroups = (
				FA5E381B2E5FA9B500C1BDDF /* FalowenTests */,
			);
			name = FalowenTests;
			packageProductDependencies = (
			);
			productName = FalowenTests;
			productReference = FA5E38182E5FA9B500C1BDDF /* FalowenTests.xctest */;
			productType = "com.apple.product-type.bundle.unit-test";
		};
		FA5E38212E5FA9B500C1BDDF /* FalowenUITests */ = {
			isa = PBXNativeTarget;
			buildConfigurationList = FA5E38322E5FA9B500C1BDDF /* Build configuration list for PBXNativeTarget "FalowenUITests" */;
			buildPhases = (
				FA5E381E2E5FA9B500C1BDDF /* Sources */,
				FA5E381F2E5FA9B500C1BDDF /* Frameworks */,
				FA5E38202E5FA9B500C1BDDF /* Resources */,
			);
			buildRules = (
			);
			dependencies = (
				FA5E38242E5FA9B500C1BDDF /* PBXTargetDependency */,
			);
			fileSystemSynchronizedGroups = (
				FA5E38252E5FA9B500C1BDDF /* FalowenUITests */,
			);
			name = FalowenUITests;
			packageProductDependencies = (
			);
			productName = FalowenUITests;
			productReference = FA5E38222E5FA9B500C1BDDF /* FalowenUITests.xctest */;
			productType = "com.apple.product-type.bundle.ui-testing";
		};
/* End PBXNativeTarget section */

/* Begin PBXProject section */
		FA5E38032E5FA9B000C1BDDF /* Project object */ = {
			isa = PBXProject;
			attributes = {
				BuildIndependentTargetsInParallel = 1;
				LastSwiftUpdateCheck = 1640;
				LastUpgradeCheck = 1640;
				TargetAttributes = {
					FA5E380A2E5FA9B000C1BDDF = {
						CreatedOnToolsVersion = 16.4;
					};
					FA5E38172E5FA9B500C1BDDF = {
						CreatedOnToolsVersion = 16.4;
						TestTargetID = FA5E380A2E5FA9B000C1BDDF;
					};
					FA5E38212E5FA9B500C1BDDF = {
						CreatedOnToolsVersion = 16.4;
						TestTargetID = FA5E380A2E5FA9B000C1BDDF;
					};
				};
			};
			buildConfigurationList = FA5E38062E5FA9B000C1BDDF /* Build configuration list for PBXProject "Falowen" */;
			developmentRegion = en;
			hasScannedForEncodings = 0;
			knownRegions = (
				en,
				Base,
			);
			mainGroup = FA5E38022E5FA9B000C1BDDF;
			minimizedProjectReferenceProxies = 1;
			preferredProjectObjectVersion = 77;
			productRefGroup = FA5E380C2E5FA9B000C1BDDF /* Products */;
			projectDirPath = "";
			projectRoot = "";
			targets = (
				FA5E380A2E5FA9B000C1BDDF /* Falowen */,
				FA5E38172E5FA9B500C1BDDF /* FalowenTests */,
				FA5E38212E5FA9B500C1BDDF /* FalowenUITests */,
			);
		};
/* End PBXProject section */

/* Begin PBXResourcesBuildPhase section */
		FA5E38092E5FA9B000C1BDDF /* Resources */ = {
			isa = PBXResourcesBuildPhase;
			buildActionMask = 2147483647;
			files = (
			);
			runOnlyForDeploymentPostprocessing = 0;
		};
		FA5E38162E5FA9B500C1BDDF /* Resources */ = {
			isa = PBXResourcesBuildPhase;
			buildActionMask = 2147483647;
			files = (
			);
			runOnlyForDeploymentPostprocessing = 0;
		};
		FA5E38202E5FA9B500C1BDDF /* Resources */ = {
			isa = PBXResourcesBuildPhase;
			buildActionMask = 2147483647;
			files = (
			);
			runOnlyForDeploymentPostprocessing = 0;
		};
/* End PBXResourcesBuildPhase section */

/* Begin PBXSourcesBuildPhase section */
		FA5E38072E5FA9B000C1BDDF /* Sources */ = {
			isa = PBXSourcesBuildPhase;
			buildActionMask = 2147483647;
			files = (
			);
			runOnlyForDeploymentPostprocessing = 0;
		};
		FA5E38142E5FA9B500C1BDDF /* Sources */ = {
			isa = PBXSourcesBuildPhase;
			buildActionMask = 2147483647;
			files = (
			);
			runOnlyForDeploymentPostprocessing = 0;
		};
		FA5E381E2E5FA9B500C1BDDF /* Sources */ = {
			isa = PBXSourcesBuildPhase;
			buildActionMask = 2147483647;
			files = (
			);
			runOnlyForDeploymentPostprocessing = 0;
		};
/* End PBXSourcesBuildPhase section */

/* Begin PBXTargetDependency section */
		FA5E381A2E5FA9B500C1BDDF /* PBXTargetDependency */ = {
			isa = PBXTargetDependency;
			target = FA5E380A2E5FA9B000C1BDDF /* Falowen */;
			targetProxy = FA5E38192E5FA9B500C1BDDF /* PBXContainerItemProxy */;
		};
		FA5E38242E5FA9B500C1BDDF /* PBXTargetDependency */ = {
			isa = PBXTargetDependency;
			target = FA5E380A2E5FA9B000C1BDDF /* Falowen */;
			targetProxy = FA5E38232E5FA9B500C1BDDF /* PBXContainerItemProxy */;
		};
/* End PBXTargetDependency section */

/* Begin XCBuildConfiguration section */
		FA5E382A2E5FA9B500C1BDDF /* Debug */ = {
			isa = XCBuildConfiguration;
			buildSettings = {
				ALWAYS_SEARCH_USER_PATHS = NO;
				ASSETCATALOG_COMPILER_GENERATE_SWIFT_ASSET_SYMBOL_EXTENSIONS = YES;
				CLANG_ANALYZER_NONNULL = YES;
				CLANG_ANALYZER_NUMBER_OBJECT_CONVERSION = YES_AGGRESSIVE;
				CLANG_CXX_LANGUAGE_STANDARD = "gnu++20";
				CLANG_ENABLE_MODULES = YES;
				CLANG_ENABLE_OBJC_ARC = YES;
				CLANG_ENABLE_OBJC_WEAK = YES;
				CLANG_WARN_BLOCK_CAPTURE_AUTORELEASING = YES;
				CLANG_WARN_BOOL_CONVERSION = YES;
				CLANG_WARN_COMMA = YES;
				CLANG_WARN_CONSTANT_CONVERSION = YES;
				CLANG_WARN_DEPRECATED_OBJC_IMPLEMENTATIONS = YES;
				CLANG_WARN_DIRECT_OBJC_ISA_USAGE = YES_ERROR;
				CLANG_WARN_DOCUMENTATION_COMMENTS = YES;
				CLANG_WARN_EMPTY_BODY = YES;
				CLANG_WARN_ENUM_CONVERSION = YES;
				CLANG_WARN_INFINITE_RECURSION = YES;
				CLANG_WARN_INT_CONVERSION = YES;
				CLANG_WARN_NON_LITERAL_NULL_CONVERSION = YES;
				CLANG_WARN_OBJC_IMPLICIT_RETAIN_SELF = YES;
				CLANG_WARN_OBJC_LITERAL_CONVERSION = YES;
				CLANG_WARN_OBJC_ROOT_CLASS = YES_ERROR;
				CLANG_WARN_QUOTED_INCLUDE_IN_FRAMEWORK_HEADER = YES;
				CLANG_WARN_RANGE_LOOP_ANALYSIS = YES;
				CLANG_WARN_STRICT_PROTOTYPES = YES;
				CLANG_WARN_SUSPICIOUS_MOVE = YES;
				CLANG_WARN_UNGUARDED_AVAILABILITY = YES_AGGRESSIVE;
				CLANG_WARN_UNREACHABLE_CODE = YES;
				CLANG_WARN__DUPLICATE_METHOD_MATCH = YES;
				COPY_PHASE_STRIP = NO;
				DEBUG_INFORMATION_FORMAT = dwarf;
				ENABLE_STRICT_OBJC_MSGSEND = YES;
				ENABLE_TESTABILITY = YES;
				ENABLE_USER_SCRIPT_SANDBOXING = YES;
				GCC_C_LANGUAGE_STANDARD = gnu17;
				GCC_DYNAMIC_NO_PIC = NO;
				GCC_NO_COMMON_BLOCKS = YES;
				GCC_OPTIMIZATION_LEVEL = 0;
				GCC_PREPROCESSOR_DEFINITIONS = (
					"DEBUG=1",
					"$(inherited)",
				);
				GCC_WARN_64_TO_32_BIT_CONVERSION = YES;
				GCC_WARN_ABOUT_RETURN_TYPE = YES_ERROR;
				GCC_WARN_UNDECLARED_SELECTOR = YES;
				GCC_WARN_UNINITIALIZED_AUTOS = YES_AGGRESSIVE;
				GCC_WARN_UNUSED_FUNCTION = YES;
				GCC_WARN_UNUSED_VARIABLE = YES;
				IPHONEOS_DEPLOYMENT_TARGET = 18.5;
				LOCALIZATION_PREFERS_STRING_CATALOGS = YES;
				MTL_ENABLE_DEBUG_INFO = INCLUDE_SOURCE;
				MTL_FAST_MATH = YES;
				ONLY_ACTIVE_ARCH = YES;
				SDKROOT = iphoneos;
				SWIFT_ACTIVE_COMPILATION_CONDITIONS = "DEBUG $(inherited)";
				SWIFT_OPTIMIZATION_LEVEL = "-Onone";
			};
			name = Debug;
		};
		FA5E382B2E5FA9B500C1BDDF /* Release */ = {
			isa = XCBuildConfiguration;
			buildSettings = {
				ALWAYS_SEARCH_USER_PATHS = NO;
				ASSETCATALOG_COMPILER_GENERATE_SWIFT_ASSET_SYMBOL_EXTENSIONS = YES;
				CLANG_ANALYZER_NONNULL = YES;
				CLANG_ANALYZER_NUMBER_OBJECT_CONVERSION = YES_AGGRESSIVE;
				CLANG_CXX_LANGUAGE_STANDARD = "gnu++20";
				CLANG_ENABLE_MODULES = YES;
				CLANG_ENABLE_OBJC_ARC = YES;
				CLANG_ENABLE_OBJC_WEAK = YES;
				CLANG_WARN_BLOCK_CAPTURE_AUTORELEASING = YES;
				CLANG_WARN_BOOL_CONVERSION = YES;
				CLANG_WARN_COMMA = YES;
				CLANG_WARN_CONSTANT_CONVERSION = YES;
				CLANG_WARN_DEPRECATED_OBJC_IMPLEMENTATIONS = YES;
				CLANG_WARN_DIRECT_OBJC_ISA_USAGE = YES_ERROR;
				CLANG_WARN_DOCUMENTATION_COMMENTS = YES;
				CLANG_WARN_EMPTY_BODY = YES;
				CLANG_WARN_ENUM_CONVERSION = YES;
				CLANG_WARN_INFINITE_RECURSION = YES;
				CLANG_WARN_INT_CONVERSION = YES;
				CLANG_WARN_NON_LITERAL_NULL_CONVERSION = YES;
				CLANG_WARN_OBJC_IMPLICIT_RETAIN_SELF = YES;
				CLANG_WARN_OBJC_LITERAL_CONVERSION = YES;
				CLANG_WARN_OBJC_ROOT_CLASS = YES_ERROR;
				CLANG_WARN_QUOTED_INCLUDE_IN_FRAMEWORK_HEADER = YES;
				CLANG_WARN_RANGE_LOOP_ANALYSIS = YES;
				CLANG_WARN_STRICT_PROTOTYPES = YES;
				CLANG_WARN_SUSPICIOUS_MOVE = YES;
				CLANG_WARN_UNGUARDED_AVAILABILITY = YES_AGGRESSIVE;
				CLANG_WARN_UNREACHABLE_CODE = YES;
				CLANG_WARN__DUPLICATE_METHOD_MATCH = YES;
				COPY_PHASE_STRIP = NO;
				DEBUG_INFORMATION_FORMAT = "dwarf-with-dsym";
				ENABLE_NS_ASSERTIONS = NO;
				ENABLE_STRICT_OBJC_MSGSEND = YES;
				ENABLE_USER_SCRIPT_SANDBOXING = YES;
				GCC_C_LANGUAGE_STANDARD = gnu17;
				GCC_NO_COMMON_BLOCKS = YES;
				GCC_WARN_64_TO_32_BIT_CONVERSION = YES;
				GCC_WARN_ABOUT_RETURN_TYPE = YES_ERROR;
				GCC_WARN_UNDECLARED_SELECTOR = YES;
				GCC_WARN_UNINITIALIZED_AUTOS = YES_AGGRESSIVE;
				GCC_WARN_UNUSED_FUNCTION = YES;
				GCC_WARN_UNUSED_VARIABLE = YES;
				IPHONEOS_DEPLOYMENT_TARGET = 18.5;
				LOCALIZATION_PREFERS_STRING_CATALOGS = YES;
				MTL_ENABLE_DEBUG_INFO = NO;
				MTL_FAST_MATH = YES;
				SDKROOT = iphoneos;
				SWIFT_COMPILATION_MODE = wholemodule;
				VALIDATE_PRODUCT = YES;
			};
			name = Release;
		};
		FA5E382D2E5FA9B500C1BDDF /* Debug */ = {
			isa = XCBuildConfiguration;
			buildSettings = {
				ASSETCATALOG_COMPILER_APPICON_NAME = AppIcon;
				ASSETCATALOG_COMPILER_GLOBAL_ACCENT_COLOR_NAME = AccentColor;
				CODE_SIGN_STYLE = Automatic;
				CURRENT_PROJECT_VERSION = 1;
				ENABLE_PREVIEWS = YES;
				GENERATE_INFOPLIST_FILE = YES;
				INFOPLIST_KEY_UIApplicationSceneManifest_Generation = YES;
				INFOPLIST_KEY_UIApplicationSupportsIndirectInputEvents = YES;
				INFOPLIST_KEY_UILaunchScreen_Generation = YES;
				INFOPLIST_KEY_UISupportedInterfaceOrientations_iPad = "UIInterfaceOrientationPortrait UIInterfaceOrientationPortraitUpsideDown UIInterfaceOrientationLandscapeLeft UIInterfaceOrientationLandscapeRight";
				INFOPLIST_KEY_UISupportedInterfaceOrientations_iPhone = "UIInterfaceOrientationPortrait UIInterfaceOrientationLandscapeLeft UIInterfaceOrientationLandscapeRight";
				LD_RUNPATH_SEARCH_PATHS = (
					"$(inherited)",
					"@executable_path/Frameworks",
				);
				MARKETING_VERSION = 1.0;
				PRODUCT_BUNDLE_IDENTIFIER = com.felix.Falowen;
				PRODUCT_NAME = "$(TARGET_NAME)";
				SWIFT_EMIT_LOC_STRINGS = YES;
				SWIFT_VERSION = 5.0;
				TARGETED_DEVICE_FAMILY = "1,2";
			};
			name = Debug;
		};
		FA5E382E2E5FA9B500C1BDDF /* Release */ = {
			isa = XCBuildConfiguration;
			buildSettings = {
				ASSETCATALOG_COMPILER_APPICON_NAME = AppIcon;
				ASSETCATALOG_COMPILER_GLOBAL_ACCENT_COLOR_NAME = AccentColor;
				CODE_SIGN_STYLE = Automatic;
				CURRENT_PROJECT_VERSION = 1;
				ENABLE_PREVIEWS = YES;
				GENERATE_INFOPLIST_FILE = YES;
				INFOPLIST_KEY_UIApplicationSceneManifest_Generation = YES;
				INFOPLIST_KEY_UIApplicationSupportsIndirectInputEvents = YES;
				INFOPLIST_KEY_UILaunchScreen_Generation = YES;
				INFOPLIST_KEY_UISupportedInterfaceOrientations_iPad = "UIInterfaceOrientationPortrait UIInterfaceOrientationPortraitUpsideDown UIInterfaceOrientationLandscapeLeft UIInterfaceOrientationLandscapeRight";
				INFOPLIST_KEY_UISupportedInterfaceOrientations_iPhone = "UIInterfaceOrientationPortrait UIInterfaceOrientationLandscapeLeft UIInterfaceOrientationLandscapeRight";
				LD_RUNPATH_SEARCH_PATHS = (
					"$(inherited)",
					"@executable_path/Frameworks",
				);
				MARKETING_VERSION = 1.0;
				PRODUCT_BUNDLE_IDENTIFIER = com.felix.Falowen;
				PRODUCT_NAME = "$(TARGET_NAME)";
				SWIFT_EMIT_LOC_STRINGS = YES;
				SWIFT_VERSION = 5.0;
				TARGETED_DEVICE_FAMILY = "1,2";
			};
			name = Release;
		};
		FA5E38302E5FA9B500C1BDDF /* Debug */ = {
			isa = XCBuildConfiguration;
			buildSettings = {
				BUNDLE_LOADER = "$(TEST_HOST)";
				CODE_SIGN_STYLE = Automatic;
				CURRENT_PROJECT_VERSION = 1;
				GENERATE_INFOPLIST_FILE = YES;
				IPHONEOS_DEPLOYMENT_TARGET = 18.5;
				MARKETING_VERSION = 1.0;
				PRODUCT_BUNDLE_IDENTIFIER = com.felix.FalowenTests;
				PRODUCT_NAME = "$(TARGET_NAME)";
				SWIFT_EMIT_LOC_STRINGS = NO;
				SWIFT_VERSION = 5.0;
				TARGETED_DEVICE_FAMILY = "1,2";
				TEST_HOST = "$(BUILT_PRODUCTS_DIR)/Falowen.app/$(BUNDLE_EXECUTABLE_FOLDER_PATH)/Falowen";
			};
			name = Debug;
		};
		FA5E38312E5FA9B500C1BDDF /* Release */ = {
			isa = XCBuildConfiguration;
			buildSettings = {
				BUNDLE_LOADER = "$(TEST_HOST)";
				CODE_SIGN_STYLE = Automatic;
				CURRENT_PROJECT_VERSION = 1;
				GENERATE_INFOPLIST_FILE = YES;
				IPHONEOS_DEPLOYMENT_TARGET = 18.5;
				MARKETING_VERSION = 1.0;
				PRODUCT_BUNDLE_IDENTIFIER = com.felix.FalowenTests;
				PRODUCT_NAME = "$(TARGET_NAME)";
				SWIFT_EMIT_LOC_STRINGS = NO;
				SWIFT_VERSION = 5.0;
				TARGETED_DEVICE_FAMILY = "1,2";
				TEST_HOST = "$(BUILT_PRODUCTS_DIR)/Falowen.app/$(BUNDLE_EXECUTABLE_FOLDER_PATH)/Falowen";
			};
			name = Release;
		};
		FA5E38332E5FA9B500C1BDDF /* Debug */ = {
			isa = XCBuildConfiguration;
			buildSettings = {
				CODE_SIGN_STYLE = Automatic;
				CURRENT_PROJECT_VERSION = 1;
				GENERATE_INFOPLIST_FILE = YES;
				MARKETING_VERSION = 1.0;
				PRODUCT_BUNDLE_IDENTIFIER = com.felix.FalowenUITests;
				PRODUCT_NAME = "$(TARGET_NAME)";
				SWIFT_EMIT_LOC_STRINGS = NO;
				SWIFT_VERSION = 5.0;
				TARGETED_DEVICE_FAMILY = "1,2";
				TEST_TARGET_NAME = Falowen;
			};
			name = Debug;
		};
		FA5E38342E5FA9B500C1BDDF /* Release */ = {
			isa = XCBuildConfiguration;
			buildSettings = {
				CODE_SIGN_STYLE = Automatic;
				CURRENT_PROJECT_VERSION = 1;
				GENERATE_INFOPLIST_FILE = YES;
				MARKETING_VERSION = 1.0;
				PRODUCT_BUNDLE_IDENTIFIER = com.felix.FalowenUITests;
				PRODUCT_NAME = "$(TARGET_NAME)";
				SWIFT_EMIT_LOC_STRINGS = NO;
				SWIFT_VERSION = 5.0;
				TARGETED_DEVICE_FAMILY = "1,2";
				TEST_TARGET_NAME = Falowen;
			};
			name = Release;
		};
/* End XCBuildConfiguration section */

/* Begin XCConfigurationList section */
		FA5E38062E5FA9B000C1BDDF /* Build configuration list for PBXProject "Falowen" */ = {
			isa = XCConfigurationList;
			buildConfigurations = (
				FA5E382A2E5FA9B500C1BDDF /* Debug */,
				FA5E382B2E5FA9B500C1BDDF /* Release */,
			);
			defaultConfigurationIsVisible = 0;
			defaultConfigurationName = Release;
		};
		FA5E382C2E5FA9B500C1BDDF /* Build configuration list for PBXNativeTarget "Falowen" */ = {
			isa = XCConfigurationList;
			buildConfigurations = (
				FA5E382D2E5FA9B500C1BDDF /* Debug */,
				FA5E382E2E5FA9B500C1BDDF /* Release */,
			);
			defaultConfigurationIsVisible = 0;
			defaultConfigurationName = Release;
		};
		FA5E382F2E5FA9B500C1BDDF /* Build configuration list for PBXNativeTarget "FalowenTests" */ = {
			isa = XCConfigurationList;
			buildConfigurations = (
				FA5E38302E5FA9B500C1BDDF /* Debug */,
				FA5E38312E5FA9B500C1BDDF /* Release */,
			);
			defaultConfigurationIsVisible = 0;
			defaultConfigurationName = Release;
		};
		FA5E38322E5FA9B500C1BDDF /* Build configuration list for PBXNativeTarget "FalowenUITests" */ = {
			isa = XCConfigurationList;
			buildConfigurations = (
				FA5E38332E5FA9B500C1BDDF /* Debug */,
				FA5E38342E5FA9B500C1BDDF /* Release */,
			);
			defaultConfigurationIsVisible = 0;
			defaultConfigurationName = Release;
		};
/* End XCConfigurationList section */
	};
	rootObject = FA5E38032E5FA9B000C1BDDF /* Project object */;
}
